
Microsoft Visual Studio Solution File, Format Version 12.00
# Visual Studio Version 17
VisualStudioVersion = 17.1.32319.34
MinimumVisualStudioVersion = 10.0.40219.1
Project("{FAE04EC0-301F-11D3-BF4B-00C04F79EFBC}") = "Ar4eR_ValerA", "Ar4eR-ValerA\Ar4eR_ValerA\Ar4eR_ValerA.csproj", "{1AE45D68-2A8B-478C-B4EB-98FE0D6B5C43}"
EndProject
Project("{FAE04EC0-301F-11D3-BF4B-00C04F79EFBC}") = "Ar4eR_ValerA.CodeFixes", "Ar4eR-ValerA\Ar4eR_ValerA.CodeFixes\Ar4eR_ValerA.CodeFixes.csproj", "{F7CD1743-DE63-421D-BDD1-79EFD5645B82}"
EndProject
Project("{FAE04EC0-301F-11D3-BF4B-00C04F79EFBC}") = "Ar4eR_ValerA.Package", "Ar4eR-ValerA\Ar4eR_ValerA.Package\Ar4eR_ValerA.Package.csproj", "{84972F7B-77EA-4CC7-AAD1-DA70FA0141AD}"
EndProject
Project("{FAE04EC0-301F-11D3-BF4B-00C04F79EFBC}") = "Ar4eR_ValerA.Test", "Ar4eR-ValerA\Ar4eR_ValerA.Test\Ar4eR_ValerA.Test.csproj", "{10FE7CEA-603A-4D42-AF3B-D5E045D1863B}"
EndProject
Project("{FAE04EC0-301F-11D3-BF4B-00C04F79EFBC}") = "Ar4eR_ValerA.Vsix", "Ar4eR-ValerA\Ar4eR_ValerA.Vsix\Ar4eR_ValerA.Vsix.csproj", "{6EEBD97F-E4E3-4827-9440-616E6C2D1C49}"
EndProject
Global
	GlobalSection(SolutionConfigurationPlatforms) = preSolution
		Debug|Any CPU = Debug|Any CPU
		Release|Any CPU = Release|Any CPU
	EndGlobalSection
	GlobalSection(ProjectConfigurationPlatforms) = postSolution
		{1AE45D68-2A8B-478C-B4EB-98FE0D6B5C43}.Debug|Any CPU.ActiveCfg = Debug|Any CPU
		{1AE45D68-2A8B-478C-B4EB-98FE0D6B5C43}.Debug|Any CPU.Build.0 = Debug|Any CPU
		{1AE45D68-2A8B-478C-B4EB-98FE0D6B5C43}.Release|Any CPU.ActiveCfg = Release|Any CPU
		{1AE45D68-2A8B-478C-B4EB-98FE0D6B5C43}.Release|Any CPU.Build.0 = Release|Any CPU
		{F7CD1743-DE63-421D-BDD1-79EFD5645B82}.Debug|Any CPU.ActiveCfg = Debug|Any CPU
		{F7CD1743-DE63-421D-BDD1-79EFD5645B82}.Debug|Any CPU.Build.0 = Debug|Any CPU
		{F7CD1743-DE63-421D-BDD1-79EFD5645B82}.Release|Any CPU.ActiveCfg = Release|Any CPU
		{F7CD1743-DE63-421D-BDD1-79EFD5645B82}.Release|Any CPU.Build.0 = Release|Any CPU
		{84972F7B-77EA-4CC7-AAD1-DA70FA0141AD}.Debug|Any CPU.ActiveCfg = Debug|Any CPU
		{84972F7B-77EA-4CC7-AAD1-DA70FA0141AD}.Debug|Any CPU.Build.0 = Debug|Any CPU
		{84972F7B-77EA-4CC7-AAD1-DA70FA0141AD}.Release|Any CPU.ActiveCfg = Release|Any CPU
		{84972F7B-77EA-4CC7-AAD1-DA70FA0141AD}.Release|Any CPU.Build.0 = Release|Any CPU
		{10FE7CEA-603A-4D42-AF3B-D5E045D1863B}.Debug|Any CPU.ActiveCfg = Debug|Any CPU
		{10FE7CEA-603A-4D42-AF3B-D5E045D1863B}.Debug|Any CPU.Build.0 = Debug|Any CPU
		{10FE7CEA-603A-4D42-AF3B-D5E045D1863B}.Release|Any CPU.ActiveCfg = Release|Any CPU
		{10FE7CEA-603A-4D42-AF3B-D5E045D1863B}.Release|Any CPU.Build.0 = Release|Any CPU
		{6EEBD97F-E4E3-4827-9440-616E6C2D1C49}.Debug|Any CPU.ActiveCfg = Debug|Any CPU
		{6EEBD97F-E4E3-4827-9440-616E6C2D1C49}.Debug|Any CPU.Build.0 = Debug|Any CPU
		{6EEBD97F-E4E3-4827-9440-616E6C2D1C49}.Release|Any CPU.ActiveCfg = Release|Any CPU
		{6EEBD97F-E4E3-4827-9440-616E6C2D1C49}.Release|Any CPU.Build.0 = Release|Any CPU
	EndGlobalSection
	GlobalSection(SolutionProperties) = preSolution
		HideSolutionNode = FALSE
	EndGlobalSection
	GlobalSection(ExtensibilityGlobals) = postSolution
		SolutionGuid = {616D460B-AE98-4AA4-9273-47570DA0B707}
	EndGlobalSection
EndGlobal
